
Microsoft Visual Studio Solution File, Format Version 12.00
# Visual Studio Version 17
VisualStudioVersion = 17.6.33723.286
MinimumVisualStudioVersion = 10.0.40219.1
Project("{FAE04EC0-301F-11D3-BF4B-00C04F79EFBC}") = "Iteration-Statements-Loops-Exercise-1", "Iteration-Statements-Loops-Exercise-1.csproj", "{FE055119-B3AC-46FC-9881-87EEA4547A51}"
EndProject
Global
	GlobalSection(SolutionConfigurationPlatforms) = preSolution
		Debug|Any CPU = Debug|Any CPU
		Release|Any CPU = Release|Any CPU
	EndGlobalSection
	GlobalSection(ProjectConfigurationPlatforms) = postSolution
		{FE055119-B3AC-46FC-9881-87EEA4547A51}.Debug|Any CPU.ActiveCfg = Debug|Any CPU
		{FE055119-B3AC-46FC-9881-87EEA4547A51}.Debug|Any CPU.Build.0 = Debug|Any CPU
		{FE055119-B3AC-46FC-9881-87EEA4547A51}.Release|Any CPU.ActiveCfg = Release|Any CPU
		{FE055119-B3AC-46FC-9881-87EEA4547A51}.Release|Any CPU.Build.0 = Release|Any CPU
	EndGlobalSection
	GlobalSection(SolutionProperties) = preSolution
		HideSolutionNode = FALSE
	EndGlobalSection
	GlobalSection(ExtensibilityGlobals) = postSolution
		SolutionGuid = {2624A01E-9A65-4365-B08C-1DDA57AC58CE}
	EndGlobalSection
EndGlobal
